
Microsoft Visual Studio Solution File, Format Version 12.00
# Visual Studio Version 17
VisualStudioVersion = 17.5.33424.131
MinimumVisualStudioVersion = 10.0.40219.1
Project("{FAE04EC0-301F-11D3-BF4B-00C04F79EFBC}") = "LibraryManagementSystem", "LibraryManagementSystem\LibraryManagementSystem.csproj", "{A4EE3832-349B-4489-BC0F-F9D0604044A6}"
EndProject
Global
	GlobalSection(SolutionConfigurationPlatforms) = preSolution
		Debug|Any CPU = Debug|Any CPU
		Release|Any CPU = Release|Any CPU
	EndGlobalSection
	GlobalSection(ProjectConfigurationPlatforms) = postSolution
		{A4EE3832-349B-4489-BC0F-F9D0604044A6}.Debug|Any CPU.ActiveCfg = Debug|Any CPU
		{A4EE3832-349B-4489-BC0F-F9D0604044A6}.Debug|Any CPU.Build.0 = Debug|Any CPU
		{A4EE3832-349B-4489-BC0F-F9D0604044A6}.Release|Any CPU.ActiveCfg = Release|Any CPU
		{A4EE3832-349B-4489-BC0F-F9D0604044A6}.Release|Any CPU.Build.0 = Release|Any CPU
	EndGlobalSection
	GlobalSection(SolutionProperties) = preSolution
		HideSolutionNode = FALSE
	EndGlobalSection
	GlobalSection(ExtensibilityGlobals) = postSolution
		SolutionGuid = {B3D70CE5-0057-4B2B-9772-E524BF304CCD}
	EndGlobalSection
EndGlobal
